// !$*UTF8*$!
{
	archiveVersion = 1;
	classes = {
	};
	objectVersion = 56;
	objects = {

/* Begin PBXBuildFile section */
		651F6D4B2B7F38F000525647 /* AppDelegate.swift in Sources */ = {isa = PBXBuildFile; fileRef = 651F6D4A2B7F38F000525647 /* AppDelegate.swift */; };
		651F6D4D2B7F38F000525647 /* SceneDelegate.swift in Sources */ = {isa = PBXBuildFile; fileRef = 651F6D4C2B7F38F000525647 /* SceneDelegate.swift */; };
		651F6D4F2B7F38F000525647 /* ViewController.swift in Sources */ = {isa = PBXBuildFile; fileRef = 651F6D4E2B7F38F000525647 /* ViewController.swift */; };
		651F6D522B7F38F000525647 /* Main.storyboard in Resources */ = {isa = PBXBuildFile; fileRef = 651F6D502B7F38F000525647 /* Main.storyboard */; };
		651F6D542B7F38F100525647 /* Assets.xcassets in Resources */ = {isa = PBXBuildFile; fileRef = 651F6D532B7F38F100525647 /* Assets.xcassets */; };
		651F6D572B7F38F100525647 /* LaunchScreen.storyboard in Resources */ = {isa = PBXBuildFile; fileRef = 651F6D552B7F38F100525647 /* LaunchScreen.storyboard */; };
		651F6D6A2B7F3C3700525647 /* FMResultSet.m in Sources */ = {isa = PBXBuildFile; fileRef = 651F6D5F2B7F3C3600525647 /* FMResultSet.m */; };
		651F6D6B2B7F3C3700525647 /* FMDatabase.m in Sources */ = {isa = PBXBuildFile; fileRef = 651F6D602B7F3C3600525647 /* FMDatabase.m */; };
		651F6D6C2B7F3C3700525647 /* FMDatabasePool.m in Sources */ = {isa = PBXBuildFile; fileRef = 651F6D652B7F3C3700525647 /* FMDatabasePool.m */; };
		651F6D6D2B7F3C3700525647 /* FMDatabaseAdditions.m in Sources */ = {isa = PBXBuildFile; fileRef = 651F6D682B7F3C3700525647 /* FMDatabaseAdditions.m */; };
		651F6D6E2B7F3C3700525647 /* FMDatabaseQueue.m in Sources */ = {isa = PBXBuildFile; fileRef = 651F6D692B7F3C3700525647 /* FMDatabaseQueue.m */; };
		651F6D712B7F3D1A00525647 /* libsqlite3.tbd in Frameworks */ = {isa = PBXBuildFile; fileRef = 651F6D702B7F3D1A00525647 /* libsqlite3.tbd */; };
/* End PBXBuildFile section */

/* Begin PBXFileReference section */
		651F6D472B7F38F000525647 /* FMDBapp.app */ = {isa = PBXFileReference; explicitFileType = wrapper.application; includeInIndex = 0; path = FMDBapp.app; sourceTree = BUILT_PRODUCTS_DIR; };
		651F6D4A2B7F38F000525647 /* AppDelegate.swift */ = {isa = PBXFileReference; lastKnownFileType = sourcecode.swift; path = AppDelegate.swift; sourceTree = "<group>"; };
		651F6D4C2B7F38F000525647 /* SceneDelegate.swift */ = {isa = PBXFileReference; lastKnownFileType = sourcecode.swift; path = SceneDelegate.swift; sourceTree = "<group>"; };
		651F6D4E2B7F38F000525647 /* ViewController.swift */ = {isa = PBXFileReference; lastKnownFileType = sourcecode.swift; path = ViewController.swift; sourceTree = "<group>"; };
		651F6D512B7F38F000525647 /* Base */ = {isa = PBXFileReference; lastKnownFileType = file.storyboard; name = Base; path = Base.lproj/Main.storyboard; sourceTree = "<group>"; };
		651F6D532B7F38F100525647 /* Assets.xcassets */ = {isa = PBXFileReference; lastKnownFileType = folder.assetcatalog; path = Assets.xcassets; sourceTree = "<group>"; };
		651F6D562B7F38F100525647 /* Base */ = {isa = PBXFileReference; lastKnownFileType = file.storyboard; name = Base; path = Base.lproj/LaunchScreen.storyboard; sourceTree = "<group>"; };
		651F6D582B7F38F100525647 /* Info.plist */ = {isa = PBXFileReference; lastKnownFileType = text.plist.xml; path = Info.plist; sourceTree = "<group>"; };
		651F6D5E2B7F3C3600525647 /* FMDBapp-Bridging-Header.h */ = {isa = PBXFileReference; lastKnownFileType = sourcecode.c.h; path = "FMDBapp-Bridging-Header.h"; sourceTree = "<group>"; };
		651F6D5F2B7F3C3600525647 /* FMResultSet.m */ = {isa = PBXFileReference; fileEncoding = 4; lastKnownFileType = sourcecode.c.objc; path = FMResultSet.m; sourceTree = "<group>"; };
		651F6D602B7F3C3600525647 /* FMDatabase.m */ = {isa = PBXFileReference; fileEncoding = 4; lastKnownFileType = sourcecode.c.objc; path = FMDatabase.m; sourceTree = "<group>"; };
		651F6D612B7F3C3600525647 /* FMDatabase.h */ = {isa = PBXFileReference; fileEncoding = 4; lastKnownFileType = sourcecode.c.h; path = FMDatabase.h; sourceTree = "<group>"; };
		651F6D622B7F3C3600525647 /* FMDatabasePool.h */ = {isa = PBXFileReference; fileEncoding = 4; lastKnownFileType = sourcecode.c.h; path = FMDatabasePool.h; sourceTree = "<group>"; };
		651F6D632B7F3C3700525647 /* FMDatabaseQueue.h */ = {isa = PBXFileReference; fileEncoding = 4; lastKnownFileType = sourcecode.c.h; path = FMDatabaseQueue.h; sourceTree = "<group>"; };
		651F6D642B7F3C3700525647 /* FMResultSet.h */ = {isa = PBXFileReference; fileEncoding = 4; lastKnownFileType = sourcecode.c.h; path = FMResultSet.h; sourceTree = "<group>"; };
		651F6D652B7F3C3700525647 /* FMDatabasePool.m */ = {isa = PBXFileReference; fileEncoding = 4; lastKnownFileType = sourcecode.c.objc; path = FMDatabasePool.m; sourceTree = "<group>"; };
		651F6D662B7F3C3700525647 /* FMDatabaseAdditions.h */ = {isa = PBXFileReference; fileEncoding = 4; lastKnownFileType = sourcecode.c.h; path = FMDatabaseAdditions.h; sourceTree = "<group>"; };
		651F6D672B7F3C3700525647 /* FMDB.h */ = {isa = PBXFileReference; fileEncoding = 4; lastKnownFileType = sourcecode.c.h; path = FMDB.h; sourceTree = "<group>"; };
		651F6D682B7F3C3700525647 /* FMDatabaseAdditions.m */ = {isa = PBXFileReference; fileEncoding = 4; lastKnownFileType = sourcecode.c.objc; path = FMDatabaseAdditions.m; sourceTree = "<group>"; };
		651F6D692B7F3C3700525647 /* FMDatabaseQueue.m */ = {isa = PBXFileReference; fileEncoding = 4; lastKnownFileType = sourcecode.c.objc; path = FMDatabaseQueue.m; sourceTree = "<group>"; };
		651F6D702B7F3D1A00525647 /* libsqlite3.tbd */ = {isa = PBXFileReference; lastKnownFileType = "sourcecode.text-based-dylib-definition"; name = libsqlite3.tbd; path = usr/lib/libsqlite3.tbd; sourceTree = SDKROOT; };
/* End PBXFileReference section */

/* Begin PBXFrameworksBuildPhase section */
		651F6D442B7F38F000525647 /* Frameworks */ = {
			isa = PBXFrameworksBuildPhase;
			buildActionMask = 2147483647;
			files = (
				651F6D712B7F3D1A00525647 /* libsqlite3.tbd in Frameworks */,
			);
			runOnlyForDeploymentPostprocessing = 0;
		};
/* End PBXFrameworksBuildPhase section */

/* Begin PBXGroup section */
		651F6D3E2B7F38F000525647 = {
			isa = PBXGroup;
			children = (
				651F6D492B7F38F000525647 /* FMDBapp */,
				651F6D482B7F38F000525647 /* Products */,
				651F6D6F2B7F3D1A00525647 /* Frameworks */,
			);
			sourceTree = "<group>";
		};
		651F6D482B7F38F000525647 /* Products */ = {
			isa = PBXGroup;
			children = (
				651F6D472B7F38F000525647 /* FMDBapp.app */,
			);
			name = Products;
			sourceTree = "<group>";
		};
		651F6D492B7F38F000525647 /* FMDBapp */ = {
			isa = PBXGroup;
			children = (
				651F6D4A2B7F38F000525647 /* AppDelegate.swift */,
				651F6D4C2B7F38F000525647 /* SceneDelegate.swift */,
				651F6D4E2B7F38F000525647 /* ViewController.swift */,
				651F6D502B7F38F000525647 /* Main.storyboard */,
				651F6D532B7F38F100525647 /* Assets.xcassets */,
				651F6D552B7F38F100525647 /* LaunchScreen.storyboard */,
				651F6D582B7F38F100525647 /* Info.plist */,
				651F6D612B7F3C3600525647 /* FMDatabase.h */,
				651F6D602B7F3C3600525647 /* FMDatabase.m */,
				651F6D662B7F3C3700525647 /* FMDatabaseAdditions.h */,
				651F6D682B7F3C3700525647 /* FMDatabaseAdditions.m */,
				651F6D622B7F3C3600525647 /* FMDatabasePool.h */,
				651F6D652B7F3C3700525647 /* FMDatabasePool.m */,
				651F6D632B7F3C3700525647 /* FMDatabaseQueue.h */,
				651F6D692B7F3C3700525647 /* FMDatabaseQueue.m */,
				651F6D672B7F3C3700525647 /* FMDB.h */,
				651F6D642B7F3C3700525647 /* FMResultSet.h */,
				651F6D5F2B7F3C3600525647 /* FMResultSet.m */,
				651F6D5E2B7F3C3600525647 /* FMDBapp-Bridging-Header.h */,
			);
			path = FMDBapp;
			sourceTree = "<group>";
		};
		651F6D6F2B7F3D1A00525647 /* Frameworks */ = {
			isa = PBXGroup;
			children = (
				651F6D702B7F3D1A00525647 /* libsqlite3.tbd */,
			);
			name = Frameworks;
			sourceTree = "<group>";
		};
/* End PBXGroup section */

/* Begin PBXNativeTarget section */
		651F6D462B7F38F000525647 /* FMDBapp */ = {
			isa = PBXNativeTarget;
			buildConfigurationList = 651F6D5B2B7F38F100525647 /* Build configuration list for PBXNativeTarget "FMDBapp" */;
			buildPhases = (
				651F6D432B7F38F000525647 /* Sources */,
				651F6D442B7F38F000525647 /* Frameworks */,
				651F6D452B7F38F000525647 /* Resources */,
			);
			buildRules = (
			);
			dependencies = (
			);
			name = FMDBapp;
			productName = FMDBapp;
			productReference = 651F6D472B7F38F000525647 /* FMDBapp.app */;
			productType = "com.apple.product-type.application";
		};
/* End PBXNativeTarget section */

/* Begin PBXProject section */
		651F6D3F2B7F38F000525647 /* Project object */ = {
			isa = PBXProject;
			attributes = {
				BuildIndependentTargetsInParallel = 1;
				LastSwiftUpdateCheck = 1520;
				LastUpgradeCheck = 1520;
				TargetAttributes = {
					651F6D462B7F38F000525647 = {
						CreatedOnToolsVersion = 15.2;
						LastSwiftMigration = 1520;
					};
				};
			};
			buildConfigurationList = 651F6D422B7F38F000525647 /* Build configuration list for PBXProject "FMDBapp" */;
			compatibilityVersion = "Xcode 14.0";
			developmentRegion = en;
			hasScannedForEncodings = 0;
			knownRegions = (
				en,
				Base,
			);
			mainGroup = 651F6D3E2B7F38F000525647;
			productRefGroup = 651F6D482B7F38F000525647 /* Products */;
			projectDirPath = "";
			projectRoot = "";
			targets = (
				651F6D462B7F38F000525647 /* FMDBapp */,
			);
		};
/* End PBXProject section */

/* Begin PBXResourcesBuildPhase section */
		651F6D452B7F38F000525647 /* Resources */ = {
			isa = PBXResourcesBuildPhase;
			buildActionMask = 2147483647;
			files = (
				651F6D572B7F38F100525647 /* LaunchScreen.storyboard in Resources */,
				651F6D542B7F38F100525647 /* Assets.xcassets in Resources */,
				651F6D522B7F38F000525647 /* Main.storyboard in Resources */,
			);
			runOnlyForDeploymentPostprocessing = 0;
		};
/* End PBXResourcesBuildPhase section */

/* Begin PBXSourcesBuildPhase section */
		651F6D432B7F38F000525647 /* Sources */ = {
			isa = PBXSourcesBuildPhase;
			buildActionMask = 2147483647;
			files = (
				651F6D4F2B7F38F000525647 /* ViewController.swift in Sources */,
				651F6D6E2B7F3C3700525647 /* FMDatabaseQueue.m in Sources */,
				651F6D6C2B7F3C3700525647 /* FMDatabasePool.m in Sources */,
				651F6D4B2B7F38F000525647 /* AppDelegate.swift in Sources */,
				651F6D6A2B7F3C3700525647 /* FMResultSet.m in Sources */,
				651F6D6B2B7F3C3700525647 /* FMDatabase.m in Sources */,
				651F6D6D2B7F3C3700525647 /* FMDatabaseAdditions.m in Sources */,
				651F6D4D2B7F38F000525647 /* SceneDelegate.swift in Sources */,
			);
			runOnlyForDeploymentPostprocessing = 0;
		};
/* End PBXSourcesBuildPhase section */

/* Begin PBXVariantGroup section */
		651F6D502B7F38F000525647 /* Main.storyboard */ = {
			isa = PBXVariantGroup;
			children = (
				651F6D512B7F38F000525647 /* Base */,
			);
			name = Main.storyboard;
			sourceTree = "<group>";
		};
		651F6D552B7F38F100525647 /* LaunchScreen.storyboard */ = {
			isa = PBXVariantGroup;
			children = (
				651F6D562B7F38F100525647 /* Base */,
			);
			name = LaunchScreen.storyboard;
			sourceTree = "<group>";
		};
/* End PBXVariantGroup section */

/* Begin XCBuildConfiguration section */
		651F6D592B7F38F100525647 /* Debug */ = {
			isa = XCBuildConfiguration;
			buildSettings = {
				ALWAYS_SEARCH_USER_PATHS = NO;
				ASSETCATALOG_COMPILER_GENERATE_SWIFT_ASSET_SYMBOL_EXTENSIONS = YES;
				CLANG_ANALYZER_NONNULL = YES;
				CLANG_ANALYZER_NUMBER_OBJECT_CONVERSION = YES_AGGRESSIVE;
				CLANG_CXX_LANGUAGE_STANDARD = "gnu++20";
				CLANG_ENABLE_MODULES = YES;
				CLANG_ENABLE_OBJC_ARC = YES;
				CLANG_ENABLE_OBJC_WEAK = YES;
				CLANG_WARN_BLOCK_CAPTURE_AUTORELEASING = YES;
				CLANG_WARN_BOOL_CONVERSION = YES;
				CLANG_WARN_COMMA = YES;
				CLANG_WARN_CONSTANT_CONVERSION = YES;
				CLANG_WARN_DEPRECATED_OBJC_IMPLEMENTATIONS = YES;
				CLANG_WARN_DIRECT_OBJC_ISA_USAGE = YES_ERROR;
				CLANG_WARN_DOCUMENTATION_COMMENTS = YES;
				CLANG_WARN_EMPTY_BODY = YES;
				CLANG_WARN_ENUM_CONVERSION = YES;
				CLANG_WARN_INFINITE_RECURSION = YES;
				CLANG_WARN_INT_CONVERSION = YES;
				CLANG_WARN_NON_LITERAL_NULL_CONVERSION = YES;
				CLANG_WARN_OBJC_IMPLICIT_RETAIN_SELF = YES;
				CLANG_WARN_OBJC_LITERAL_CONVERSION = YES;
				CLANG_WARN_OBJC_ROOT_CLASS = YES_ERROR;
				CLANG_WARN_QUOTED_INCLUDE_IN_FRAMEWORK_HEADER = YES;
				CLANG_WARN_RANGE_LOOP_ANALYSIS = YES;
				CLANG_WARN_STRICT_PROTOTYPES = YES;
				CLANG_WARN_SUSPICIOUS_MOVE = YES;
				CLANG_WARN_UNGUARDED_AVAILABILITY = YES_AGGRESSIVE;
				CLANG_WARN_UNREACHABLE_CODE = YES;
				CLANG_WARN__DUPLICATE_METHOD_MATCH = YES;
				COPY_PHASE_STRIP = NO;
				DEBUG_INFORMATION_FORMAT = dwarf;
				ENABLE_STRICT_OBJC_MSGSEND = YES;
				ENABLE_TESTABILITY = YES;
				ENABLE_USER_SCRIPT_SANDBOXING = YES;
				GCC_C_LANGUAGE_STANDARD = gnu17;
				GCC_DYNAMIC_NO_PIC = NO;
				GCC_NO_COMMON_BLOCKS = YES;
				GCC_OPTIMIZATION_LEVEL = 0;
				GCC_PREPROCESSOR_DEFINITIONS = (
					"DEBUG=1",
					"$(inherited)",
				);
				GCC_WARN_64_TO_32_BIT_CONVERSION = YES;
				GCC_WARN_ABOUT_RETURN_TYPE = YES_ERROR;
				GCC_WARN_UNDECLARED_SELECTOR = YES;
				GCC_WARN_UNINITIALIZED_AUTOS = YES_AGGRESSIVE;
				GCC_WARN_UNUSED_FUNCTION = YES;
				GCC_WARN_UNUSED_VARIABLE = YES;
				IPHONEOS_DEPLOYMENT_TARGET = 17.2;
				LOCALIZATION_PREFERS_STRING_CATALOGS = YES;
				MTL_ENABLE_DEBUG_INFO = INCLUDE_SOURCE;
				MTL_FAST_MATH = YES;
				ONLY_ACTIVE_ARCH = YES;
				SDKROOT = iphoneos;
				SWIFT_ACTIVE_COMPILATION_CONDITIONS = "DEBUG $(inherited)";
				SWIFT_OPTIMIZATION_LEVEL = "-Onone";
			};
			name = Debug;
		};
		651F6D5A2B7F38F100525647 /* Release */ = {
			isa = XCBuildConfiguration;
			buildSettings = {
				ALWAYS_SEARCH_USER_PATHS = NO;
				ASSETCATALOG_COMPILER_GENERATE_SWIFT_ASSET_SYMBOL_EXTENSIONS = YES;
				CLANG_ANALYZER_NONNULL = YES;
				CLANG_ANALYZER_NUMBER_OBJECT_CONVERSION = YES_AGGRESSIVE;
				CLANG_CXX_LANGUAGE_STANDARD = "gnu++20";
				CLANG_ENABLE_MODULES = YES;
				CLANG_ENABLE_OBJC_ARC = YES;
				CLANG_ENABLE_OBJC_WEAK = YES;
				CLANG_WARN_BLOCK_CAPTURE_AUTORELEASING = YES;
				CLANG_WARN_BOOL_CONVERSION = YES;
				CLANG_WARN_COMMA = YES;
				CLANG_WARN_CONSTANT_CONVERSION = YES;
				CLANG_WARN_DEPRECATED_OBJC_IMPLEMENTATIONS = YES;
				CLANG_WARN_DIRECT_OBJC_ISA_USAGE = YES_ERROR;
				CLANG_WARN_DOCUMENTATION_COMMENTS = YES;
				CLANG_WARN_EMPTY_BODY = YES;
				CLANG_WARN_ENUM_CONVERSION = YES;
				CLANG_WARN_INFINITE_RECURSION = YES;
				CLANG_WARN_INT_CONVERSION = YES;
				CLANG_WARN_NON_LITERAL_NULL_CONVERSION = YES;
				CLANG_WARN_OBJC_IMPLICIT_RETAIN_SELF = YES;
				CLANG_WARN_OBJC_LITERAL_CONVERSION = YES;
				CLANG_WARN_OBJC_ROOT_CLASS = YES_ERROR;
				CLANG_WARN_QUOTED_INCLUDE_IN_FRAMEWORK_HEADER = YES;
				CLANG_WARN_RANGE_LOOP_ANALYSIS = YES;
				CLANG_WARN_STRICT_PROTOTYPES = YES;
				CLANG_WARN_SUSPICIOUS_MOVE = YES;
				CLANG_WARN_UNGUARDED_AVAILABILITY = YES_AGGRESSIVE;
				CLANG_WARN_UNREACHABLE_CODE = YES;
				CLANG_WARN__DUPLICATE_METHOD_MATCH = YES;
				COPY_PHASE_STRIP = NO;
				DEBUG_INFORMATION_FORMAT = "dwarf-with-dsym";
				ENABLE_NS_ASSERTIONS = NO;
				ENABLE_STRICT_OBJC_MSGSEND = YES;
				ENABLE_USER_SCRIPT_SANDBOXING = YES;
				GCC_C_LANGUAGE_STANDARD = gnu17;
				GCC_NO_COMMON_BLOCKS = YES;
				GCC_WARN_64_TO_32_BIT_CONVERSION = YES;
				GCC_WARN_ABOUT_RETURN_TYPE = YES_ERROR;
				GCC_WARN_UNDECLARED_SELECTOR = YES;
				GCC_WARN_UNINITIALIZED_AUTOS = YES_AGGRESSIVE;
				GCC_WARN_UNUSED_FUNCTION = YES;
				GCC_WARN_UNUSED_VARIABLE = YES;
				IPHONEOS_DEPLOYMENT_TARGET = 17.2;
				LOCALIZATION_PREFERS_STRING_CATALOGS = YES;
				MTL_ENABLE_DEBUG_INFO = NO;
				MTL_FAST_MATH = YES;
				SDKROOT = iphoneos;
				SWIFT_COMPILATION_MODE = wholemodule;
				VALIDATE_PRODUCT = YES;
			};
			name = Release;
		};
		651F6D5C2B7F38F100525647 /* Debug */ = {
			isa = XCBuildConfiguration;
			buildSettings = {
				ASSETCATALOG_COMPILER_APPICON_NAME = AppIcon;
				ASSETCATALOG_COMPILER_GLOBAL_ACCENT_COLOR_NAME = AccentColor;
				CLANG_ENABLE_MODULES = YES;
				CODE_SIGN_STYLE = Automatic;
				CURRENT_PROJECT_VERSION = 1;
				GENERATE_INFOPLIST_FILE = YES;
				INFOPLIST_FILE = FMDBapp/Info.plist;
				INFOPLIST_KEY_UIApplicationSupportsIndirectInputEvents = YES;
				INFOPLIST_KEY_UILaunchStoryboardName = LaunchScreen;
				INFOPLIST_KEY_UIMainStoryboardFile = Main;
				INFOPLIST_KEY_UISupportedInterfaceOrientations_iPad = "UIInterfaceOrientationPortrait UIInterfaceOrientationPortraitUpsideDown UIInterfaceOrientationLandscapeLeft UIInterfaceOrientationLandscapeRight";
				INFOPLIST_KEY_UISupportedInterfaceOrientations_iPhone = "UIInterfaceOrientationPortrait UIInterfaceOrientationLandscapeLeft UIInterfaceOrientationLandscapeRight";
				LD_RUNPATH_SEARCH_PATHS = (
					"$(inherited)",
					"@executable_path/Frameworks",
				);
				MARKETING_VERSION = 1.0;
				PRODUCT_BUNDLE_IDENTIFIER = OKC.FMDBapp;
				PRODUCT_NAME = "$(TARGET_NAME)";
				SWIFT_EMIT_LOC_STRINGS = YES;
				SWIFT_OBJC_BRIDGING_HEADER = "FMDBapp/FMDBapp-Bridging-Header.h";
				SWIFT_OPTIMIZATION_LEVEL = "-Onone";
				SWIFT_VERSION = 5.0;
				TARGETED_DEVICE_FAMILY = "1,2";
			};
			name = Debug;
		};
		651F6D5D2B7F38F100525647 /* Release */ = {
			isa = XCBuildConfiguration;
			buildSettings = {
				ASSETCATALOG_COMPILER_APPICON_NAME = AppIcon;
				ASSETCATALOG_COMPILER_GLOBAL_ACCENT_COLOR_NAME = AccentColor;
				CLANG_ENABLE_MODULES = YES;
				CODE_SIGN_STYLE = Automatic;
				CURRENT_PROJECT_VERSION = 1;
				GENERATE_INFOPLIST_FILE = YES;
				INFOPLIST_FILE = FMDBapp/Info.plist;
				INFOPLIST_KEY_UIApplicationSupportsIndirectInputEvents = YES;
				INFOPLIST_KEY_UILaunchStoryboardName = LaunchScreen;
				INFOPLIST_KEY_UIMainStoryboardFile = Main;
				INFOPLIST_KEY_UISupportedInterfaceOrientations_iPad = "UIInterfaceOrientationPortrait UIInterfaceOrientationPortraitUpsideDown UIInterfaceOrientationLandscapeLeft UIInterfaceOrientationLandscapeRight";
				INFOPLIST_KEY_UISupportedInterfaceOrientations_iPhone = "UIInterfaceOrientationPortrait UIInterfaceOrientationLandscapeLeft UIInterfaceOrientationLandscapeRight";
				LD_RUNPATH_SEARCH_PATHS = (
					"$(inherited)",
					"@executable_path/Frameworks",
				);
				MARKETING_VERSION = 1.0;
				PRODUCT_BUNDLE_IDENTIFIER = OKC.FMDBapp;
				PRODUCT_NAME = "$(TARGET_NAME)";
				SWIFT_EMIT_LOC_STRINGS = YES;
				SWIFT_OBJC_BRIDGING_HEADER = "FMDBapp/FMDBapp-Bridging-Header.h";
				SWIFT_VERSION = 5.0;
				TARGETED_DEVICE_FAMILY = "1,2";
			};
			name = Release;
		};
/* End XCBuildConfiguration section */

/* Begin XCConfigurationList section */
		651F6D422B7F38F000525647 /* Build configuration list for PBXProject "FMDBapp" */ = {
			isa = XCConfigurationList;
			buildConfigurations = (
				651F6D592B7F38F100525647 /* Debug */,
				651F6D5A2B7F38F100525647 /* Release */,
			);
			defaultConfigurationIsVisible = 0;
			defaultConfigurationName = Release;
		};
		651F6D5B2B7F38F100525647 /* Build configuration list for PBXNativeTarget "FMDBapp" */ = {
			isa = XCConfigurationList;
			buildConfigurations = (
				651F6D5C2B7F38F100525647 /* Debug */,
				651F6D5D2B7F38F100525647 /* Release */,
			);
			defaultConfigurationIsVisible = 0;
			defaultConfigurationName = Release;
		};
/* End XCConfigurationList section */
	};
	rootObject = 651F6D3F2B7F38F000525647 /* Project object */;
}
