// !$*UTF8*$!
{
	archiveVersion = 1;
	classes = {
	};
	objectVersion = 50;
	objects = {

/* Begin PBXBuildFile section */
		081C8D8C23F4CA1F005309CF /* AppDelegate.swift in Sources */ = {isa = PBXBuildFile; fileRef = 081C8D8B23F4CA1F005309CF /* AppDelegate.swift */; };
		081C8D8E23F4CA1F005309CF /* ViewController.swift in Sources */ = {isa = PBXBuildFile; fileRef = 081C8D8D23F4CA1F005309CF /* ViewController.swift */; };
		081C8D9123F4CA1F005309CF /* Main.storyboard in Resources */ = {isa = PBXBuildFile; fileRef = 081C8D8F23F4CA1F005309CF /* Main.storyboard */; };
		081C8D9323F4CA2B005309CF /* Assets.xcassets in Resources */ = {isa = PBXBuildFile; fileRef = 081C8D9223F4CA2B005309CF /* Assets.xcassets */; };
		081C8D9623F4CA2B005309CF /* LaunchScreen.storyboard in Resources */ = {isa = PBXBuildFile; fileRef = 081C8D9423F4CA2B005309CF /* LaunchScreen.storyboard */; };
/* End PBXBuildFile section */

/* Begin PBXContainerItemProxy section */
		081C8D9D23F4CA2B005309CF /* PBXContainerItemProxy */ = {
			isa = PBXContainerItemProxy;
			containerPortal = 081C8D8023F4CA1E005309CF /* Project object */;
			proxyType = 1;
			remoteGlobalIDString = 081C8D8723F4CA1F005309CF;
			remoteInfo = UIWebViewApp;
		};
		081C8DA823F4CA2B005309CF /* PBXContainerItemProxy */ = {
			isa = PBXContainerItemProxy;
			containerPortal = 081C8D8023F4CA1E005309CF /* Project object */;
			proxyType = 1;
			remoteGlobalIDString = 081C8D8723F4CA1F005309CF;
			remoteInfo = UIWebViewApp;
		};
/* End PBXContainerItemProxy section */

/* Begin PBXFileReference section */
		081C8D8823F4CA1F005309CF /* UIWebViewApp.app */ = {isa = PBXFileReference; explicitFileType = wrapper.application; includeInIndex = 0; path = UIWebViewApp.app; sourceTree = BUILT_PRODUCTS_DIR; };
		081C8D8B23F4CA1F005309CF /* AppDelegate.swift */ = {isa = PBXFileReference; lastKnownFileType = sourcecode.swift; path = AppDelegate.swift; sourceTree = "<group>"; };
		081C8D8D23F4CA1F005309CF /* ViewController.swift */ = {isa = PBXFileReference; lastKnownFileType = sourcecode.swift; path = ViewController.swift; sourceTree = "<group>"; };
		081C8D9023F4CA1F005309CF /* Base */ = {isa = PBXFileReference; lastKnownFileType = file.storyboard; name = Base; path = Base.lproj/Main.storyboard; sourceTree = "<group>"; };
		081C8D9223F4CA2B005309CF /* Assets.xcassets */ = {isa = PBXFileReference; lastKnownFileType = folder.assetcatalog; path = Assets.xcassets; sourceTree = "<group>"; };
		081C8D9523F4CA2B005309CF /* Base */ = {isa = PBXFileReference; lastKnownFileType = file.storyboard; name = Base; path = Base.lproj/LaunchScreen.storyboard; sourceTree = "<group>"; };
		081C8D9723F4CA2B005309CF /* Info.plist */ = {isa = PBXFileReference; lastKnownFileType = text.plist.xml; path = Info.plist; sourceTree = "<group>"; };
		081C8D9C23F4CA2B005309CF /* UIWebViewAppTests.xctest */ = {isa = PBXFileReference; explicitFileType = wrapper.cfbundle; includeInIndex = 0; path = UIWebViewAppTests.xctest; sourceTree = BUILT_PRODUCTS_DIR; };
		081C8DA723F4CA2B005309CF /* UIWebViewAppUITests.xctest */ = {isa = PBXFileReference; explicitFileType = wrapper.cfbundle; includeInIndex = 0; path = UIWebViewAppUITests.xctest; sourceTree = BUILT_PRODUCTS_DIR; };
/* End PBXFileReference section */

/* Begin PBXFrameworksBuildPhase section */
		081C8D8523F4CA1F005309CF /* Frameworks */ = {
			isa = PBXFrameworksBuildPhase;
			buildActionMask = 2147483647;
			files = (
			);
			runOnlyForDeploymentPostprocessing = 0;
		};
		081C8D9923F4CA2B005309CF /* Frameworks */ = {
			isa = PBXFrameworksBuildPhase;
			buildActionMask = 2147483647;
			files = (
			);
			runOnlyForDeploymentPostprocessing = 0;
		};
		081C8DA423F4CA2B005309CF /* Frameworks */ = {
			isa = PBXFrameworksBuildPhase;
			buildActionMask = 2147483647;
			files = (
			);
			runOnlyForDeploymentPostprocessing = 0;
		};
/* End PBXFrameworksBuildPhase section */

/* Begin PBXGroup section */
		081C8D7F23F4CA1E005309CF = {
			isa = PBXGroup;
			children = (
				081C8D8A23F4CA1F005309CF /* UIWebViewApp */,
				081C8D8923F4CA1F005309CF /* Products */,
			);
			sourceTree = "<group>";
		};
		081C8D8923F4CA1F005309CF /* Products */ = {
			isa = PBXGroup;
			children = (
				081C8D8823F4CA1F005309CF /* UIWebViewApp.app */,
				081C8D9C23F4CA2B005309CF /* UIWebViewAppTests.xctest */,
				081C8DA723F4CA2B005309CF /* UIWebViewAppUITests.xctest */,
			);
			name = Products;
			sourceTree = "<group>";
		};
		081C8D8A23F4CA1F005309CF /* UIWebViewApp */ = {
			isa = PBXGroup;
			children = (
				081C8D8B23F4CA1F005309CF /* AppDelegate.swift */,
				081C8D8D23F4CA1F005309CF /* ViewController.swift */,
				081C8D8F23F4CA1F005309CF /* Main.storyboard */,
				081C8D9223F4CA2B005309CF /* Assets.xcassets */,
				081C8D9423F4CA2B005309CF /* LaunchScreen.storyboard */,
				081C8D9723F4CA2B005309CF /* Info.plist */,
			);
			path = UIWebViewApp;
			sourceTree = "<group>";
		};
/* End PBXGroup section */

/* Begin PBXNativeTarget section */
		081C8D8723F4CA1F005309CF /* UIWebViewApp */ = {
			isa = PBXNativeTarget;
			buildConfigurationList = 081C8DB023F4CA2B005309CF /* Build configuration list for PBXNativeTarget "UIWebViewApp" */;
			buildPhases = (
				081C8D8423F4CA1F005309CF /* Sources */,
				081C8D8523F4CA1F005309CF /* Frameworks */,
				081C8D8623F4CA1F005309CF /* Resources */,
			);
			buildRules = (
			);
			dependencies = (
			);
			name = UIWebViewApp;
			productName = UIWebViewApp;
			productReference = 081C8D8823F4CA1F005309CF /* UIWebViewApp.app */;
			productType = "com.apple.product-type.application";
		};
		081C8D9B23F4CA2B005309CF /* UIWebViewAppTests */ = {
			isa = PBXNativeTarget;
			buildConfigurationList = 081C8DB323F4CA2B005309CF /* Build configuration list for PBXNativeTarget "UIWebViewAppTests" */;
			buildPhases = (
				081C8D9823F4CA2B005309CF /* Sources */,
				081C8D9923F4CA2B005309CF /* Frameworks */,
				081C8D9A23F4CA2B005309CF /* Resources */,
			);
			buildRules = (
			);
			dependencies = (
				081C8D9E23F4CA2B005309CF /* PBXTargetDependency */,
			);
			name = UIWebViewAppTests;
			productName = UIWebViewAppTests;
			productReference = 081C8D9C23F4CA2B005309CF /* UIWebViewAppTests.xctest */;
			productType = "com.apple.product-type.bundle.unit-test";
		};
		081C8DA623F4CA2B005309CF /* UIWebViewAppUITests */ = {
			isa = PBXNativeTarget;
			buildConfigurationList = 081C8DB623F4CA2B005309CF /* Build configuration list for PBXNativeTarget "UIWebViewAppUITests" */;
			buildPhases = (
				081C8DA323F4CA2B005309CF /* Sources */,
				081C8DA423F4CA2B005309CF /* Frameworks */,
				081C8DA523F4CA2B005309CF /* Resources */,
			);
			buildRules = (
			);
			dependencies = (
				081C8DA923F4CA2B005309CF /* PBXTargetDependency */,
			);
			name = UIWebViewAppUITests;
			productName = UIWebViewAppUITests;
			productReference = 081C8DA723F4CA2B005309CF /* UIWebViewAppUITests.xctest */;
			productType = "com.apple.product-type.bundle.ui-testing";
		};
/* End PBXNativeTarget section */

/* Begin PBXProject section */
		081C8D8023F4CA1E005309CF /* Project object */ = {
			isa = PBXProject;
			attributes = {
				LastSwiftUpdateCheck = 1020;
				LastUpgradeCheck = 1340;
				ORGANIZATIONNAME = cs316;
				TargetAttributes = {
					081C8D8723F4CA1F005309CF = {
						CreatedOnToolsVersion = 10.2.1;
					};
					081C8D9B23F4CA2B005309CF = {
						CreatedOnToolsVersion = 10.2.1;
						TestTargetID = 081C8D8723F4CA1F005309CF;
					};
					081C8DA623F4CA2B005309CF = {
						CreatedOnToolsVersion = 10.2.1;
						TestTargetID = 081C8D8723F4CA1F005309CF;
					};
				};
			};
			buildConfigurationList = 081C8D8323F4CA1E005309CF /* Build configuration list for PBXProject "UIWebViewApp" */;
			compatibilityVersion = "Xcode 9.3";
			developmentRegion = en;
			hasScannedForEncodings = 0;
			knownRegions = (
				en,
				Base,
			);
			mainGroup = 081C8D7F23F4CA1E005309CF;
			productRefGroup = 081C8D8923F4CA1F005309CF /* Products */;
			projectDirPath = "";
			projectRoot = "";
			targets = (
				081C8D8723F4CA1F005309CF /* UIWebViewApp */,
				081C8D9B23F4CA2B005309CF /* UIWebViewAppTests */,
				081C8DA623F4CA2B005309CF /* UIWebViewAppUITests */,
			);
		};
/* End PBXProject section */

/* Begin PBXResourcesBuildPhase section */
		081C8D8623F4CA1F005309CF /* Resources */ = {
			isa = PBXResourcesBuildPhase;
			buildActionMask = 2147483647;
			files = (
				081C8D9623F4CA2B005309CF /* LaunchScreen.storyboard in Resources */,
				081C8D9323F4CA2B005309CF /* Assets.xcassets in Resources */,
				081C8D9123F4CA1F005309CF /* Main.storyboard in Resources */,
			);
			runOnlyForDeploymentPostprocessing = 0;
		};
		081C8D9A23F4CA2B005309CF /* Resources */ = {
			isa = PBXResourcesBuildPhase;
			buildActionMask = 2147483647;
			files = (
			);
			runOnlyForDeploymentPostprocessing = 0;
		};
		081C8DA523F4CA2B005309CF /* Resources */ = {
			isa = PBXResourcesBuildPhase;
			buildActionMask = 2147483647;
			files = (
			);
			runOnlyForDeploymentPostprocessing = 0;
		};
/* End PBXResourcesBuildPhase section */

/* Begin PBXSourcesBuildPhase section */
		081C8D8423F4CA1F005309CF /* Sources */ = {
			isa = PBXSourcesBuildPhase;
			buildActionMask = 2147483647;
			files = (
				081C8D8E23F4CA1F005309CF /* ViewController.swift in Sources */,
				081C8D8C23F4CA1F005309CF /* AppDelegate.swift in Sources */,
			);
			runOnlyForDeploymentPostprocessing = 0;
		};
		081C8D9823F4CA2B005309CF /* Sources */ = {
			isa = PBXSourcesBuildPhase;
			buildActionMask = 2147483647;
			files = (
			);
			runOnlyForDeploymentPostprocessing = 0;
		};
		081C8DA323F4CA2B005309CF /* Sources */ = {
			isa = PBXSourcesBuildPhase;
			buildActionMask = 2147483647;
			files = (
			);
			runOnlyForDeploymentPostprocessing = 0;
		};
/* End PBXSourcesBuildPhase section */

/* Begin PBXTargetDependency section */
		081C8D9E23F4CA2B005309CF /* PBXTargetDependency */ = {
			isa = PBXTargetDependency;
			target = 081C8D8723F4CA1F005309CF /* UIWebViewApp */;
			targetProxy = 081C8D9D23F4CA2B005309CF /* PBXContainerItemProxy */;
		};
		081C8DA923F4CA2B005309CF /* PBXTargetDependency */ = {
			isa = PBXTargetDependency;
			target = 081C8D8723F4CA1F005309CF /* UIWebViewApp */;
			targetProxy = 081C8DA823F4CA2B005309CF /* PBXContainerItemProxy */;
		};
/* End PBXTargetDependency section */

/* Begin PBXVariantGroup section */
		081C8D8F23F4CA1F005309CF /* Main.storyboard */ = {
			isa = PBXVariantGroup;
			children = (
				081C8D9023F4CA1F005309CF /* Base */,
			);
			name = Main.storyboard;
			sourceTree = "<group>";
		};
		081C8D9423F4CA2B005309CF /* LaunchScreen.storyboard */ = {
			isa = PBXVariantGroup;
			children = (
				081C8D9523F4CA2B005309CF /* Base */,
			);
			name = LaunchScreen.storyboard;
			sourceTree = "<group>";
		};
/* End PBXVariantGroup section */

/* Begin XCBuildConfiguration section */
		081C8DAE23F4CA2B005309CF /* Debug */ = {
			isa = XCBuildConfiguration;
			buildSettings = {
				ALWAYS_SEARCH_USER_PATHS = NO;
				CLANG_ANALYZER_NONNULL = YES;
				CLANG_ANALYZER_NUMBER_OBJECT_CONVERSION = YES_AGGRESSIVE;
				CLANG_CXX_LANGUAGE_STANDARD = "gnu++14";
				CLANG_CXX_LIBRARY = "libc++";
				CLANG_ENABLE_MODULES = YES;
				CLANG_ENABLE_OBJC_ARC = YES;
				CLANG_ENABLE_OBJC_WEAK = YES;
				CLANG_WARN_BLOCK_CAPTURE_AUTORELEASING = YES;
				CLANG_WARN_BOOL_CONVERSION = YES;
				CLANG_WARN_COMMA = YES;
				CLANG_WARN_CONSTANT_CONVERSION = YES;
				CLANG_WARN_DEPRECATED_OBJC_IMPLEMENTATIONS = YES;
				CLANG_WARN_DIRECT_OBJC_ISA_USAGE = YES_ERROR;
				CLANG_WARN_DOCUMENTATION_COMMENTS = YES;
				CLANG_WARN_EMPTY_BODY = YES;
				CLANG_WARN_ENUM_CONVERSION = YES;
				CLANG_WARN_INFINITE_RECURSION = YES;
				CLANG_WARN_INT_CONVERSION = YES;
				CLANG_WARN_NON_LITERAL_NULL_CONVERSION = YES;
				CLANG_WARN_OBJC_IMPLICIT_RETAIN_SELF = YES;
				CLANG_WARN_OBJC_LITERAL_CONVERSION = YES;
				CLANG_WARN_OBJC_ROOT_CLASS = YES_ERROR;
				CLANG_WARN_QUOTED_INCLUDE_IN_FRAMEWORK_HEADER = YES;
				CLANG_WARN_RANGE_LOOP_ANALYSIS = YES;
				CLANG_WARN_STRICT_PROTOTYPES = YES;
				CLANG_WARN_SUSPICIOUS_MOVE = YES;
				CLANG_WARN_UNGUARDED_AVAILABILITY = YES_AGGRESSIVE;
				CLANG_WARN_UNREACHABLE_CODE = YES;
				CLANG_WARN__DUPLICATE_METHOD_MATCH = YES;
				CODE_SIGN_IDENTITY = "iPhone Developer";
				COPY_PHASE_STRIP = NO;
				DEBUG_INFORMATION_FORMAT = dwarf;
				ENABLE_STRICT_OBJC_MSGSEND = YES;
				ENABLE_TESTABILITY = YES;
				GCC_C_LANGUAGE_STANDARD = gnu11;
				GCC_DYNAMIC_NO_PIC = NO;
				GCC_NO_COMMON_BLOCKS = YES;
				GCC_OPTIMIZATION_LEVEL = 0;
				GCC_PREPROCESSOR_DEFINITIONS = (
					"DEBUG=1",
					"$(inherited)",
				);
				GCC_WARN_64_TO_32_BIT_CONVERSION = YES;
				GCC_WARN_ABOUT_RETURN_TYPE = YES_ERROR;
				GCC_WARN_UNDECLARED_SELECTOR = YES;
				GCC_WARN_UNINITIALIZED_AUTOS = YES_AGGRESSIVE;
				GCC_WARN_UNUSED_FUNCTION = YES;
				GCC_WARN_UNUSED_VARIABLE = YES;
				IPHONEOS_DEPLOYMENT_TARGET = 12.2;
				MTL_ENABLE_DEBUG_INFO = INCLUDE_SOURCE;
				MTL_FAST_MATH = YES;
				ONLY_ACTIVE_ARCH = YES;
				SDKROOT = iphoneos;
				SWIFT_ACTIVE_COMPILATION_CONDITIONS = DEBUG;
				SWIFT_OPTIMIZATION_LEVEL = "-Onone";
			};
			name = Debug;
		};
		081C8DAF23F4CA2B005309CF /* Release */ = {
			isa = XCBuildConfiguration;
			buildSettings = {
				ALWAYS_SEARCH_USER_PATHS = NO;
				CLANG_ANALYZER_NONNULL = YES;
				CLANG_ANALYZER_NUMBER_OBJECT_CONVERSION = YES_AGGRESSIVE;
				CLANG_CXX_LANGUAGE_STANDARD = "gnu++14";
				CLANG_CXX_LIBRARY = "libc++";
				CLANG_ENABLE_MODULES = YES;
				CLANG_ENABLE_OBJC_ARC = YES;
				CLANG_ENABLE_OBJC_WEAK = YES;
				CLANG_WARN_BLOCK_CAPTURE_AUTORELEASING = YES;
				CLANG_WARN_BOOL_CONVERSION = YES;
				CLANG_WARN_COMMA = YES;
				CLANG_WARN_CONSTANT_CONVERSION = YES;
				CLANG_WARN_DEPRECATED_OBJC_IMPLEMENTATIONS = YES;
				CLANG_WARN_DIRECT_OBJC_ISA_USAGE = YES_ERROR;
				CLANG_WARN_DOCUMENTATION_COMMENTS = YES;
				CLANG_WARN_EMPTY_BODY = YES;
				CLANG_WARN_ENUM_CONVERSION = YES;
				CLANG_WARN_INFINITE_RECURSION = YES;
				CLANG_WARN_INT_CONVERSION = YES;
				CLANG_WARN_NON_LITERAL_NULL_CONVERSION = YES;
				CLANG_WARN_OBJC_IMPLICIT_RETAIN_SELF = YES;
				CLANG_WARN_OBJC_LITERAL_CONVERSION = YES;
				CLANG_WARN_OBJC_ROOT_CLASS = YES_ERROR;
				CLANG_WARN_QUOTED_INCLUDE_IN_FRAMEWORK_HEADER = YES;
				CLANG_WARN_RANGE_LOOP_ANALYSIS = YES;
				CLANG_WARN_STRICT_PROTOTYPES = YES;
				CLANG_WARN_SUSPICIOUS_MOVE = YES;
				CLANG_WARN_UNGUARDED_AVAILABILITY = YES_AGGRESSIVE;
				CLANG_WARN_UNREACHABLE_CODE = YES;
				CLANG_WARN__DUPLICATE_METHOD_MATCH = YES;
				CODE_SIGN_IDENTITY = "iPhone Developer";
				COPY_PHASE_STRIP = NO;
				DEBUG_INFORMATION_FORMAT = "dwarf-with-dsym";
				ENABLE_NS_ASSERTIONS = NO;
				ENABLE_STRICT_OBJC_MSGSEND = YES;
				GCC_C_LANGUAGE_STANDARD = gnu11;
				GCC_NO_COMMON_BLOCKS = YES;
				GCC_WARN_64_TO_32_BIT_CONVERSION = YES;
				GCC_WARN_ABOUT_RETURN_TYPE = YES_ERROR;
				GCC_WARN_UNDECLARED_SELECTOR = YES;
				GCC_WARN_UNINITIALIZED_AUTOS = YES_AGGRESSIVE;
				GCC_WARN_UNUSED_FUNCTION = YES;
				GCC_WARN_UNUSED_VARIABLE = YES;
				IPHONEOS_DEPLOYMENT_TARGET = 12.2;
				MTL_ENABLE_DEBUG_INFO = NO;
				MTL_FAST_MATH = YES;
				SDKROOT = iphoneos;
				SWIFT_COMPILATION_MODE = wholemodule;
				SWIFT_OPTIMIZATION_LEVEL = "-O";
				VALIDATE_PRODUCT = YES;
			};
			name = Release;
		};
		081C8DB123F4CA2B005309CF /* Debug */ = {
			isa = XCBuildConfiguration;
			buildSettings = {
				ASSETCATALOG_COMPILER_APPICON_NAME = AppIcon;
				CODE_SIGN_STYLE = Automatic;
				INFOPLIST_FILE = UIWebViewApp/Info.plist;
				LD_RUNPATH_SEARCH_PATHS = (
					"$(inherited)",
					"@executable_path/Frameworks",
				);
				PRODUCT_BUNDLE_IDENTIFIER = oc.UIWebViewApp;
				PRODUCT_NAME = "$(TARGET_NAME)";
				SWIFT_VERSION = 5.0;
				TARGETED_DEVICE_FAMILY = "1,2";
			};
			name = Debug;
		};
		081C8DB223F4CA2B005309CF /* Release */ = {
			isa = XCBuildConfiguration;
			buildSettings = {
				ASSETCATALOG_COMPILER_APPICON_NAME = AppIcon;
				CODE_SIGN_STYLE = Automatic;
				INFOPLIST_FILE = UIWebViewApp/Info.plist;
				LD_RUNPATH_SEARCH_PATHS = (
					"$(inherited)",
					"@executable_path/Frameworks",
				);
				PRODUCT_BUNDLE_IDENTIFIER = oc.UIWebViewApp;
				PRODUCT_NAME = "$(TARGET_NAME)";
				SWIFT_VERSION = 5.0;
				TARGETED_DEVICE_FAMILY = "1,2";
			};
			name = Release;
		};
		081C8DB423F4CA2B005309CF /* Debug */ = {
			isa = XCBuildConfiguration;
			buildSettings = {
				ALWAYS_EMBED_SWIFT_STANDARD_LIBRARIES = YES;
				BUNDLE_LOADER = "$(TEST_HOST)";
				CODE_SIGN_STYLE = Automatic;
				INFOPLIST_FILE = UIWebViewAppTests/Info.plist;
				LD_RUNPATH_SEARCH_PATHS = (
					"$(inherited)",
					"@executable_path/Frameworks",
					"@loader_path/Frameworks",
				);
				PRODUCT_BUNDLE_IDENTIFIER = oc.UIWebViewAppTests;
				PRODUCT_NAME = "$(TARGET_NAME)";
				SWIFT_VERSION = 5.0;
				TARGETED_DEVICE_FAMILY = "1,2";
				TEST_HOST = "$(BUILT_PRODUCTS_DIR)/UIWebViewApp.app/UIWebViewApp";
			};
			name = Debug;
		};
		081C8DB523F4CA2B005309CF /* Release */ = {
			isa = XCBuildConfiguration;
			buildSettings = {
				ALWAYS_EMBED_SWIFT_STANDARD_LIBRARIES = YES;
				BUNDLE_LOADER = "$(TEST_HOST)";
				CODE_SIGN_STYLE = Automatic;
				INFOPLIST_FILE = UIWebViewAppTests/Info.plist;
				LD_RUNPATH_SEARCH_PATHS = (
					"$(inherited)",
					"@executable_path/Frameworks",
					"@loader_path/Frameworks",
				);
				PRODUCT_BUNDLE_IDENTIFIER = oc.UIWebViewAppTests;
				PRODUCT_NAME = "$(TARGET_NAME)";
				SWIFT_VERSION = 5.0;
				TARGETED_DEVICE_FAMILY = "1,2";
				TEST_HOST = "$(BUILT_PRODUCTS_DIR)/UIWebViewApp.app/UIWebViewApp";
			};
			name = Release;
		};
		081C8DB723F4CA2B005309CF /* Debug */ = {
			isa = XCBuildConfiguration;
			buildSettings = {
				ALWAYS_EMBED_SWIFT_STANDARD_LIBRARIES = YES;
				CODE_SIGN_STYLE = Automatic;
				INFOPLIST_FILE = UIWebViewAppUITests/Info.plist;
				LD_RUNPATH_SEARCH_PATHS = (
					"$(inherited)",
					"@executable_path/Frameworks",
					"@loader_path/Frameworks",
				);
				PRODUCT_BUNDLE_IDENTIFIER = oc.UIWebViewAppUITests;
				PRODUCT_NAME = "$(TARGET_NAME)";
				SWIFT_VERSION = 5.0;
				TARGETED_DEVICE_FAMILY = "1,2";
				TEST_TARGET_NAME = UIWebViewApp;
			};
			name = Debug;
		};
		081C8DB823F4CA2B005309CF /* Release */ = {
			isa = XCBuildConfiguration;
			buildSettings = {
				ALWAYS_EMBED_SWIFT_STANDARD_LIBRARIES = YES;
				CODE_SIGN_STYLE = Automatic;
				INFOPLIST_FILE = UIWebViewAppUITests/Info.plist;
				LD_RUNPATH_SEARCH_PATHS = (
					"$(inherited)",
					"@executable_path/Frameworks",
					"@loader_path/Frameworks",
				);
				PRODUCT_BUNDLE_IDENTIFIER = oc.UIWebViewAppUITests;
				PRODUCT_NAME = "$(TARGET_NAME)";
				SWIFT_VERSION = 5.0;
				TARGETED_DEVICE_FAMILY = "1,2";
				TEST_TARGET_NAME = UIWebViewApp;
			};
			name = Release;
		};
/* End XCBuildConfiguration section */

/* Begin XCConfigurationList section */
		081C8D8323F4CA1E005309CF /* Build configuration list for PBXProject "UIWebViewApp" */ = {
			isa = XCConfigurationList;
			buildConfigurations = (
				081C8DAE23F4CA2B005309CF /* Debug */,
				081C8DAF23F4CA2B005309CF /* Release */,
			);
			defaultConfigurationIsVisible = 0;
			defaultConfigurationName = Release;
		};
		081C8DB023F4CA2B005309CF /* Build configuration list for PBXNativeTarget "UIWebViewApp" */ = {
			isa = XCConfigurationList;
			buildConfigurations = (
				081C8DB123F4CA2B005309CF /* Debug */,
				081C8DB223F4CA2B005309CF /* Release */,
			);
			defaultConfigurationIsVisible = 0;
			defaultConfigurationName = Release;
		};
		081C8DB323F4CA2B005309CF /* Build configuration list for PBXNativeTarget "UIWebViewAppTests" */ = {
			isa = XCConfigurationList;
			buildConfigurations = (
				081C8DB423F4CA2B005309CF /* Debug */,
				081C8DB523F4CA2B005309CF /* Release */,
			);
			defaultConfigurationIsVisible = 0;
			defaultConfigurationName = Release;
		};
		081C8DB623F4CA2B005309CF /* Build configuration list for PBXNativeTarget "UIWebViewAppUITests" */ = {
			isa = XCConfigurationList;
			buildConfigurations = (
				081C8DB723F4CA2B005309CF /* Debug */,
				081C8DB823F4CA2B005309CF /* Release */,
			);
			defaultConfigurationIsVisible = 0;
			defaultConfigurationName = Release;
		};
/* End XCConfigurationList section */
	};
	rootObject = 081C8D8023F4CA1E005309CF /* Project object */;
}
