// !$*UTF8*$!
{
	archiveVersion = 1;
	classes = {
	};
	objectVersion = 56;
	objects = {

/* Begin PBXBuildFile section */
		657B3BFD2B9A993E00E11153 /* AppDelegate.swift in Sources */ = {isa = PBXBuildFile; fileRef = 657B3BFC2B9A993E00E11153 /* AppDelegate.swift */; };
		657B3BFF2B9A993E00E11153 /* SceneDelegate.swift in Sources */ = {isa = PBXBuildFile; fileRef = 657B3BFE2B9A993E00E11153 /* SceneDelegate.swift */; };
		657B3C012B9A993E00E11153 /* ViewController.swift in Sources */ = {isa = PBXBuildFile; fileRef = 657B3C002B9A993E00E11153 /* ViewController.swift */; };
		657B3C042B9A993E00E11153 /* Main.storyboard in Resources */ = {isa = PBXBuildFile; fileRef = 657B3C022B9A993E00E11153 /* Main.storyboard */; };
		657B3C062B9A994000E11153 /* Assets.xcassets in Resources */ = {isa = PBXBuildFile; fileRef = 657B3C052B9A994000E11153 /* Assets.xcassets */; };
		657B3C092B9A994000E11153 /* LaunchScreen.storyboard in Resources */ = {isa = PBXBuildFile; fileRef = 657B3C072B9A994000E11153 /* LaunchScreen.storyboard */; };
		657B3C112B9A9CE000E11153 /* TableViewController.swift in Sources */ = {isa = PBXBuildFile; fileRef = 657B3C102B9A9CE000E11153 /* TableViewController.swift */; };
		657B3C1E2B9AC20500E11153 /* FMDatabasePool.m in Sources */ = {isa = PBXBuildFile; fileRef = 657B3C132B9AC20500E11153 /* FMDatabasePool.m */; };
		657B3C1F2B9AC20500E11153 /* FMDatabaseQueue.m in Sources */ = {isa = PBXBuildFile; fileRef = 657B3C142B9AC20500E11153 /* FMDatabaseQueue.m */; };
		657B3C202B9AC20500E11153 /* FMResultSet.m in Sources */ = {isa = PBXBuildFile; fileRef = 657B3C152B9AC20500E11153 /* FMResultSet.m */; };
		657B3C212B9AC20500E11153 /* FMDatabaseAdditions.m in Sources */ = {isa = PBXBuildFile; fileRef = 657B3C1A2B9AC20500E11153 /* FMDatabaseAdditions.m */; };
		657B3C222B9AC20500E11153 /* FMDatabase.m in Sources */ = {isa = PBXBuildFile; fileRef = 657B3C1C2B9AC20500E11153 /* FMDatabase.m */; };
		657B3C252B9AC22F00E11153 /* libsqlite3.tbd in Frameworks */ = {isa = PBXBuildFile; fileRef = 657B3C242B9AC22F00E11153 /* libsqlite3.tbd */; };
/* End PBXBuildFile section */

/* Begin PBXFileReference section */
		657B3BF92B9A993E00E11153 /* CollegeTableViewDB.app */ = {isa = PBXFileReference; explicitFileType = wrapper.application; includeInIndex = 0; path = CollegeTableViewDB.app; sourceTree = BUILT_PRODUCTS_DIR; };
		657B3BFC2B9A993E00E11153 /* AppDelegate.swift */ = {isa = PBXFileReference; lastKnownFileType = sourcecode.swift; path = AppDelegate.swift; sourceTree = "<group>"; };
		657B3BFE2B9A993E00E11153 /* SceneDelegate.swift */ = {isa = PBXFileReference; lastKnownFileType = sourcecode.swift; path = SceneDelegate.swift; sourceTree = "<group>"; };
		657B3C002B9A993E00E11153 /* ViewController.swift */ = {isa = PBXFileReference; lastKnownFileType = sourcecode.swift; path = ViewController.swift; sourceTree = "<group>"; };
		657B3C032B9A993E00E11153 /* Base */ = {isa = PBXFileReference; lastKnownFileType = file.storyboard; name = Base; path = Base.lproj/Main.storyboard; sourceTree = "<group>"; };
		657B3C052B9A994000E11153 /* Assets.xcassets */ = {isa = PBXFileReference; lastKnownFileType = folder.assetcatalog; path = Assets.xcassets; sourceTree = "<group>"; };
		657B3C082B9A994000E11153 /* Base */ = {isa = PBXFileReference; lastKnownFileType = file.storyboard; name = Base; path = Base.lproj/LaunchScreen.storyboard; sourceTree = "<group>"; };
		657B3C0A2B9A994000E11153 /* Info.plist */ = {isa = PBXFileReference; lastKnownFileType = text.plist.xml; path = Info.plist; sourceTree = "<group>"; };
		657B3C102B9A9CE000E11153 /* TableViewController.swift */ = {isa = PBXFileReference; lastKnownFileType = sourcecode.swift; path = TableViewController.swift; sourceTree = "<group>"; };
		657B3C122B9AC20400E11153 /* CollegeTableViewDB-Bridging-Header.h */ = {isa = PBXFileReference; lastKnownFileType = sourcecode.c.h; path = "CollegeTableViewDB-Bridging-Header.h"; sourceTree = "<group>"; };
		657B3C132B9AC20500E11153 /* FMDatabasePool.m */ = {isa = PBXFileReference; fileEncoding = 4; lastKnownFileType = sourcecode.c.objc; path = FMDatabasePool.m; sourceTree = "<group>"; };
		657B3C142B9AC20500E11153 /* FMDatabaseQueue.m */ = {isa = PBXFileReference; fileEncoding = 4; lastKnownFileType = sourcecode.c.objc; path = FMDatabaseQueue.m; sourceTree = "<group>"; };
		657B3C152B9AC20500E11153 /* FMResultSet.m */ = {isa = PBXFileReference; fileEncoding = 4; lastKnownFileType = sourcecode.c.objc; path = FMResultSet.m; sourceTree = "<group>"; };
		657B3C162B9AC20500E11153 /* FMDatabaseAdditions.h */ = {isa = PBXFileReference; fileEncoding = 4; lastKnownFileType = sourcecode.c.h; path = FMDatabaseAdditions.h; sourceTree = "<group>"; };
		657B3C172B9AC20500E11153 /* FMResultSet.h */ = {isa = PBXFileReference; fileEncoding = 4; lastKnownFileType = sourcecode.c.h; path = FMResultSet.h; sourceTree = "<group>"; };
		657B3C182B9AC20500E11153 /* FMDB.h */ = {isa = PBXFileReference; fileEncoding = 4; lastKnownFileType = sourcecode.c.h; path = FMDB.h; sourceTree = "<group>"; };
		657B3C192B9AC20500E11153 /* FMDatabaseQueue.h */ = {isa = PBXFileReference; fileEncoding = 4; lastKnownFileType = sourcecode.c.h; path = FMDatabaseQueue.h; sourceTree = "<group>"; };
		657B3C1A2B9AC20500E11153 /* FMDatabaseAdditions.m */ = {isa = PBXFileReference; fileEncoding = 4; lastKnownFileType = sourcecode.c.objc; path = FMDatabaseAdditions.m; sourceTree = "<group>"; };
		657B3C1B2B9AC20500E11153 /* FMDatabase.h */ = {isa = PBXFileReference; fileEncoding = 4; lastKnownFileType = sourcecode.c.h; path = FMDatabase.h; sourceTree = "<group>"; };
		657B3C1C2B9AC20500E11153 /* FMDatabase.m */ = {isa = PBXFileReference; fileEncoding = 4; lastKnownFileType = sourcecode.c.objc; path = FMDatabase.m; sourceTree = "<group>"; };
		657B3C1D2B9AC20500E11153 /* FMDatabasePool.h */ = {isa = PBXFileReference; fileEncoding = 4; lastKnownFileType = sourcecode.c.h; path = FMDatabasePool.h; sourceTree = "<group>"; };
		657B3C242B9AC22F00E11153 /* libsqlite3.tbd */ = {isa = PBXFileReference; lastKnownFileType = "sourcecode.text-based-dylib-definition"; name = libsqlite3.tbd; path = usr/lib/libsqlite3.tbd; sourceTree = SDKROOT; };
/* End PBXFileReference section */

/* Begin PBXFrameworksBuildPhase section */
		657B3BF62B9A993E00E11153 /* Frameworks */ = {
			isa = PBXFrameworksBuildPhase;
			buildActionMask = 2147483647;
			files = (
				657B3C252B9AC22F00E11153 /* libsqlite3.tbd in Frameworks */,
			);
			runOnlyForDeploymentPostprocessing = 0;
		};
/* End PBXFrameworksBuildPhase section */

/* Begin PBXGroup section */
		657B3BF02B9A993E00E11153 = {
			isa = PBXGroup;
			children = (
				657B3BFB2B9A993E00E11153 /* CollegeTableViewDB */,
				657B3BFA2B9A993E00E11153 /* Products */,
				657B3C232B9AC22F00E11153 /* Frameworks */,
			);
			sourceTree = "<group>";
		};
		657B3BFA2B9A993E00E11153 /* Products */ = {
			isa = PBXGroup;
			children = (
				657B3BF92B9A993E00E11153 /* CollegeTableViewDB.app */,
			);
			name = Products;
			sourceTree = "<group>";
		};
		657B3BFB2B9A993E00E11153 /* CollegeTableViewDB */ = {
			isa = PBXGroup;
			children = (
				657B3BFC2B9A993E00E11153 /* AppDelegate.swift */,
				657B3BFE2B9A993E00E11153 /* SceneDelegate.swift */,
				657B3C002B9A993E00E11153 /* ViewController.swift */,
				657B3C102B9A9CE000E11153 /* TableViewController.swift */,
				657B3C022B9A993E00E11153 /* Main.storyboard */,
				657B3C052B9A994000E11153 /* Assets.xcassets */,
				657B3C072B9A994000E11153 /* LaunchScreen.storyboard */,
				657B3C0A2B9A994000E11153 /* Info.plist */,
				657B3C1B2B9AC20500E11153 /* FMDatabase.h */,
				657B3C1C2B9AC20500E11153 /* FMDatabase.m */,
				657B3C162B9AC20500E11153 /* FMDatabaseAdditions.h */,
				657B3C1A2B9AC20500E11153 /* FMDatabaseAdditions.m */,
				657B3C1D2B9AC20500E11153 /* FMDatabasePool.h */,
				657B3C132B9AC20500E11153 /* FMDatabasePool.m */,
				657B3C192B9AC20500E11153 /* FMDatabaseQueue.h */,
				657B3C142B9AC20500E11153 /* FMDatabaseQueue.m */,
				657B3C182B9AC20500E11153 /* FMDB.h */,
				657B3C172B9AC20500E11153 /* FMResultSet.h */,
				657B3C152B9AC20500E11153 /* FMResultSet.m */,
				657B3C122B9AC20400E11153 /* CollegeTableViewDB-Bridging-Header.h */,
			);
			path = CollegeTableViewDB;
			sourceTree = "<group>";
		};
		657B3C232B9AC22F00E11153 /* Frameworks */ = {
			isa = PBXGroup;
			children = (
				657B3C242B9AC22F00E11153 /* libsqlite3.tbd */,
			);
			name = Frameworks;
			sourceTree = "<group>";
		};
/* End PBXGroup section */

/* Begin PBXNativeTarget section */
		657B3BF82B9A993E00E11153 /* CollegeTableViewDB */ = {
			isa = PBXNativeTarget;
			buildConfigurationList = 657B3C0D2B9A994000E11153 /* Build configuration list for PBXNativeTarget "CollegeTableViewDB" */;
			buildPhases = (
				657B3BF52B9A993E00E11153 /* Sources */,
				657B3BF62B9A993E00E11153 /* Frameworks */,
				657B3BF72B9A993E00E11153 /* Resources */,
			);
			buildRules = (
			);
			dependencies = (
			);
			name = CollegeTableViewDB;
			productName = CollegeTableViewDB;
			productReference = 657B3BF92B9A993E00E11153 /* CollegeTableViewDB.app */;
			productType = "com.apple.product-type.application";
		};
/* End PBXNativeTarget section */

/* Begin PBXProject section */
		657B3BF12B9A993E00E11153 /* Project object */ = {
			isa = PBXProject;
			attributes = {
				BuildIndependentTargetsInParallel = 1;
				LastSwiftUpdateCheck = 1520;
				LastUpgradeCheck = 1520;
				TargetAttributes = {
					657B3BF82B9A993E00E11153 = {
						CreatedOnToolsVersion = 15.2;
						LastSwiftMigration = 1520;
					};
				};
			};
			buildConfigurationList = 657B3BF42B9A993E00E11153 /* Build configuration list for PBXProject "CollegeTableViewDB" */;
			compatibilityVersion = "Xcode 14.0";
			developmentRegion = en;
			hasScannedForEncodings = 0;
			knownRegions = (
				en,
				Base,
			);
			mainGroup = 657B3BF02B9A993E00E11153;
			productRefGroup = 657B3BFA2B9A993E00E11153 /* Products */;
			projectDirPath = "";
			projectRoot = "";
			targets = (
				657B3BF82B9A993E00E11153 /* CollegeTableViewDB */,
			);
		};
/* End PBXProject section */

/* Begin PBXResourcesBuildPhase section */
		657B3BF72B9A993E00E11153 /* Resources */ = {
			isa = PBXResourcesBuildPhase;
			buildActionMask = 2147483647;
			files = (
				657B3C092B9A994000E11153 /* LaunchScreen.storyboard in Resources */,
				657B3C062B9A994000E11153 /* Assets.xcassets in Resources */,
				657B3C042B9A993E00E11153 /* Main.storyboard in Resources */,
			);
			runOnlyForDeploymentPostprocessing = 0;
		};
/* End PBXResourcesBuildPhase section */

/* Begin PBXSourcesBuildPhase section */
		657B3BF52B9A993E00E11153 /* Sources */ = {
			isa = PBXSourcesBuildPhase;
			buildActionMask = 2147483647;
			files = (
				657B3C012B9A993E00E11153 /* ViewController.swift in Sources */,
				657B3BFD2B9A993E00E11153 /* AppDelegate.swift in Sources */,
				657B3C202B9AC20500E11153 /* FMResultSet.m in Sources */,
				657B3C222B9AC20500E11153 /* FMDatabase.m in Sources */,
				657B3C1E2B9AC20500E11153 /* FMDatabasePool.m in Sources */,
				657B3BFF2B9A993E00E11153 /* SceneDelegate.swift in Sources */,
				657B3C112B9A9CE000E11153 /* TableViewController.swift in Sources */,
				657B3C1F2B9AC20500E11153 /* FMDatabaseQueue.m in Sources */,
				657B3C212B9AC20500E11153 /* FMDatabaseAdditions.m in Sources */,
			);
			runOnlyForDeploymentPostprocessing = 0;
		};
/* End PBXSourcesBuildPhase section */

/* Begin PBXVariantGroup section */
		657B3C022B9A993E00E11153 /* Main.storyboard */ = {
			isa = PBXVariantGroup;
			children = (
				657B3C032B9A993E00E11153 /* Base */,
			);
			name = Main.storyboard;
			sourceTree = "<group>";
		};
		657B3C072B9A994000E11153 /* LaunchScreen.storyboard */ = {
			isa = PBXVariantGroup;
			children = (
				657B3C082B9A994000E11153 /* Base */,
			);
			name = LaunchScreen.storyboard;
			sourceTree = "<group>";
		};
/* End PBXVariantGroup section */

/* Begin XCBuildConfiguration section */
		657B3C0B2B9A994000E11153 /* Debug */ = {
			isa = XCBuildConfiguration;
			buildSettings = {
				ALWAYS_SEARCH_USER_PATHS = NO;
				ASSETCATALOG_COMPILER_GENERATE_SWIFT_ASSET_SYMBOL_EXTENSIONS = YES;
				CLANG_ANALYZER_NONNULL = YES;
				CLANG_ANALYZER_NUMBER_OBJECT_CONVERSION = YES_AGGRESSIVE;
				CLANG_CXX_LANGUAGE_STANDARD = "gnu++20";
				CLANG_ENABLE_MODULES = YES;
				CLANG_ENABLE_OBJC_ARC = YES;
				CLANG_ENABLE_OBJC_WEAK = YES;
				CLANG_WARN_BLOCK_CAPTURE_AUTORELEASING = YES;
				CLANG_WARN_BOOL_CONVERSION = YES;
				CLANG_WARN_COMMA = YES;
				CLANG_WARN_CONSTANT_CONVERSION = YES;
				CLANG_WARN_DEPRECATED_OBJC_IMPLEMENTATIONS = YES;
				CLANG_WARN_DIRECT_OBJC_ISA_USAGE = YES_ERROR;
				CLANG_WARN_DOCUMENTATION_COMMENTS = YES;
				CLANG_WARN_EMPTY_BODY = YES;
				CLANG_WARN_ENUM_CONVERSION = YES;
				CLANG_WARN_INFINITE_RECURSION = YES;
				CLANG_WARN_INT_CONVERSION = YES;
				CLANG_WARN_NON_LITERAL_NULL_CONVERSION = YES;
				CLANG_WARN_OBJC_IMPLICIT_RETAIN_SELF = YES;
				CLANG_WARN_OBJC_LITERAL_CONVERSION = YES;
				CLANG_WARN_OBJC_ROOT_CLASS = YES_ERROR;
				CLANG_WARN_QUOTED_INCLUDE_IN_FRAMEWORK_HEADER = YES;
				CLANG_WARN_RANGE_LOOP_ANALYSIS = YES;
				CLANG_WARN_STRICT_PROTOTYPES = YES;
				CLANG_WARN_SUSPICIOUS_MOVE = YES;
				CLANG_WARN_UNGUARDED_AVAILABILITY = YES_AGGRESSIVE;
				CLANG_WARN_UNREACHABLE_CODE = YES;
				CLANG_WARN__DUPLICATE_METHOD_MATCH = YES;
				COPY_PHASE_STRIP = NO;
				DEBUG_INFORMATION_FORMAT = dwarf;
				ENABLE_STRICT_OBJC_MSGSEND = YES;
				ENABLE_TESTABILITY = YES;
				ENABLE_USER_SCRIPT_SANDBOXING = YES;
				GCC_C_LANGUAGE_STANDARD = gnu17;
				GCC_DYNAMIC_NO_PIC = NO;
				GCC_NO_COMMON_BLOCKS = YES;
				GCC_OPTIMIZATION_LEVEL = 0;
				GCC_PREPROCESSOR_DEFINITIONS = (
					"DEBUG=1",
					"$(inherited)",
				);
				GCC_WARN_64_TO_32_BIT_CONVERSION = YES;
				GCC_WARN_ABOUT_RETURN_TYPE = YES_ERROR;
				GCC_WARN_UNDECLARED_SELECTOR = YES;
				GCC_WARN_UNINITIALIZED_AUTOS = YES_AGGRESSIVE;
				GCC_WARN_UNUSED_FUNCTION = YES;
				GCC_WARN_UNUSED_VARIABLE = YES;
				IPHONEOS_DEPLOYMENT_TARGET = 17.2;
				LOCALIZATION_PREFERS_STRING_CATALOGS = YES;
				MTL_ENABLE_DEBUG_INFO = INCLUDE_SOURCE;
				MTL_FAST_MATH = YES;
				ONLY_ACTIVE_ARCH = YES;
				SDKROOT = iphoneos;
				SWIFT_ACTIVE_COMPILATION_CONDITIONS = "DEBUG $(inherited)";
				SWIFT_OPTIMIZATION_LEVEL = "-Onone";
			};
			name = Debug;
		};
		657B3C0C2B9A994000E11153 /* Release */ = {
			isa = XCBuildConfiguration;
			buildSettings = {
				ALWAYS_SEARCH_USER_PATHS = NO;
				ASSETCATALOG_COMPILER_GENERATE_SWIFT_ASSET_SYMBOL_EXTENSIONS = YES;
				CLANG_ANALYZER_NONNULL = YES;
				CLANG_ANALYZER_NUMBER_OBJECT_CONVERSION = YES_AGGRESSIVE;
				CLANG_CXX_LANGUAGE_STANDARD = "gnu++20";
				CLANG_ENABLE_MODULES = YES;
				CLANG_ENABLE_OBJC_ARC = YES;
				CLANG_ENABLE_OBJC_WEAK = YES;
				CLANG_WARN_BLOCK_CAPTURE_AUTORELEASING = YES;
				CLANG_WARN_BOOL_CONVERSION = YES;
				CLANG_WARN_COMMA = YES;
				CLANG_WARN_CONSTANT_CONVERSION = YES;
				CLANG_WARN_DEPRECATED_OBJC_IMPLEMENTATIONS = YES;
				CLANG_WARN_DIRECT_OBJC_ISA_USAGE = YES_ERROR;
				CLANG_WARN_DOCUMENTATION_COMMENTS = YES;
				CLANG_WARN_EMPTY_BODY = YES;
				CLANG_WARN_ENUM_CONVERSION = YES;
				CLANG_WARN_INFINITE_RECURSION = YES;
				CLANG_WARN_INT_CONVERSION = YES;
				CLANG_WARN_NON_LITERAL_NULL_CONVERSION = YES;
				CLANG_WARN_OBJC_IMPLICIT_RETAIN_SELF = YES;
				CLANG_WARN_OBJC_LITERAL_CONVERSION = YES;
				CLANG_WARN_OBJC_ROOT_CLASS = YES_ERROR;
				CLANG_WARN_QUOTED_INCLUDE_IN_FRAMEWORK_HEADER = YES;
				CLANG_WARN_RANGE_LOOP_ANALYSIS = YES;
				CLANG_WARN_STRICT_PROTOTYPES = YES;
				CLANG_WARN_SUSPICIOUS_MOVE = YES;
				CLANG_WARN_UNGUARDED_AVAILABILITY = YES_AGGRESSIVE;
				CLANG_WARN_UNREACHABLE_CODE = YES;
				CLANG_WARN__DUPLICATE_METHOD_MATCH = YES;
				COPY_PHASE_STRIP = NO;
				DEBUG_INFORMATION_FORMAT = "dwarf-with-dsym";
				ENABLE_NS_ASSERTIONS = NO;
				ENABLE_STRICT_OBJC_MSGSEND = YES;
				ENABLE_USER_SCRIPT_SANDBOXING = YES;
				GCC_C_LANGUAGE_STANDARD = gnu17;
				GCC_NO_COMMON_BLOCKS = YES;
				GCC_WARN_64_TO_32_BIT_CONVERSION = YES;
				GCC_WARN_ABOUT_RETURN_TYPE = YES_ERROR;
				GCC_WARN_UNDECLARED_SELECTOR = YES;
				GCC_WARN_UNINITIALIZED_AUTOS = YES_AGGRESSIVE;
				GCC_WARN_UNUSED_FUNCTION = YES;
				GCC_WARN_UNUSED_VARIABLE = YES;
				IPHONEOS_DEPLOYMENT_TARGET = 17.2;
				LOCALIZATION_PREFERS_STRING_CATALOGS = YES;
				MTL_ENABLE_DEBUG_INFO = NO;
				MTL_FAST_MATH = YES;
				SDKROOT = iphoneos;
				SWIFT_COMPILATION_MODE = wholemodule;
				VALIDATE_PRODUCT = YES;
			};
			name = Release;
		};
		657B3C0E2B9A994000E11153 /* Debug */ = {
			isa = XCBuildConfiguration;
			buildSettings = {
				ASSETCATALOG_COMPILER_APPICON_NAME = AppIcon;
				ASSETCATALOG_COMPILER_GLOBAL_ACCENT_COLOR_NAME = AccentColor;
				CLANG_ENABLE_MODULES = YES;
				CODE_SIGN_STYLE = Automatic;
				CURRENT_PROJECT_VERSION = 1;
				GENERATE_INFOPLIST_FILE = YES;
				INFOPLIST_FILE = CollegeTableViewDB/Info.plist;
				INFOPLIST_KEY_UIApplicationSupportsIndirectInputEvents = YES;
				INFOPLIST_KEY_UILaunchStoryboardName = LaunchScreen;
				INFOPLIST_KEY_UIMainStoryboardFile = Main;
				INFOPLIST_KEY_UISupportedInterfaceOrientations_iPad = "UIInterfaceOrientationPortrait UIInterfaceOrientationPortraitUpsideDown UIInterfaceOrientationLandscapeLeft UIInterfaceOrientationLandscapeRight";
				INFOPLIST_KEY_UISupportedInterfaceOrientations_iPhone = "UIInterfaceOrientationPortrait UIInterfaceOrientationLandscapeLeft UIInterfaceOrientationLandscapeRight";
				LD_RUNPATH_SEARCH_PATHS = (
					"$(inherited)",
					"@executable_path/Frameworks",
				);
				MARKETING_VERSION = 1.0;
				PRODUCT_BUNDLE_IDENTIFIER = OKC.CollegeTableViewDB;
				PRODUCT_NAME = "$(TARGET_NAME)";
				SWIFT_EMIT_LOC_STRINGS = YES;
				SWIFT_OBJC_BRIDGING_HEADER = "CollegeTableViewDB/CollegeTableViewDB-Bridging-Header.h";
				SWIFT_OPTIMIZATION_LEVEL = "-Onone";
				SWIFT_VERSION = 5.0;
				TARGETED_DEVICE_FAMILY = "1,2";
			};
			name = Debug;
		};
		657B3C0F2B9A994000E11153 /* Release */ = {
			isa = XCBuildConfiguration;
			buildSettings = {
				ASSETCATALOG_COMPILER_APPICON_NAME = AppIcon;
				ASSETCATALOG_COMPILER_GLOBAL_ACCENT_COLOR_NAME = AccentColor;
				CLANG_ENABLE_MODULES = YES;
				CODE_SIGN_STYLE = Automatic;
				CURRENT_PROJECT_VERSION = 1;
				GENERATE_INFOPLIST_FILE = YES;
				INFOPLIST_FILE = CollegeTableViewDB/Info.plist;
				INFOPLIST_KEY_UIApplicationSupportsIndirectInputEvents = YES;
				INFOPLIST_KEY_UILaunchStoryboardName = LaunchScreen;
				INFOPLIST_KEY_UIMainStoryboardFile = Main;
				INFOPLIST_KEY_UISupportedInterfaceOrientations_iPad = "UIInterfaceOrientationPortrait UIInterfaceOrientationPortraitUpsideDown UIInterfaceOrientationLandscapeLeft UIInterfaceOrientationLandscapeRight";
				INFOPLIST_KEY_UISupportedInterfaceOrientations_iPhone = "UIInterfaceOrientationPortrait UIInterfaceOrientationLandscapeLeft UIInterfaceOrientationLandscapeRight";
				LD_RUNPATH_SEARCH_PATHS = (
					"$(inherited)",
					"@executable_path/Frameworks",
				);
				MARKETING_VERSION = 1.0;
				PRODUCT_BUNDLE_IDENTIFIER = OKC.CollegeTableViewDB;
				PRODUCT_NAME = "$(TARGET_NAME)";
				SWIFT_EMIT_LOC_STRINGS = YES;
				SWIFT_OBJC_BRIDGING_HEADER = "CollegeTableViewDB/CollegeTableViewDB-Bridging-Header.h";
				SWIFT_VERSION = 5.0;
				TARGETED_DEVICE_FAMILY = "1,2";
			};
			name = Release;
		};
/* End XCBuildConfiguration section */

/* Begin XCConfigurationList section */
		657B3BF42B9A993E00E11153 /* Build configuration list for PBXProject "CollegeTableViewDB" */ = {
			isa = XCConfigurationList;
			buildConfigurations = (
				657B3C0B2B9A994000E11153 /* Debug */,
				657B3C0C2B9A994000E11153 /* Release */,
			);
			defaultConfigurationIsVisible = 0;
			defaultConfigurationName = Release;
		};
		657B3C0D2B9A994000E11153 /* Build configuration list for PBXNativeTarget "CollegeTableViewDB" */ = {
			isa = XCConfigurationList;
			buildConfigurations = (
				657B3C0E2B9A994000E11153 /* Debug */,
				657B3C0F2B9A994000E11153 /* Release */,
			);
			defaultConfigurationIsVisible = 0;
			defaultConfigurationName = Release;
		};
/* End XCConfigurationList section */
	};
	rootObject = 657B3BF12B9A993E00E11153 /* Project object */;
}
